
Microsoft Visual Studio Solution File, Format Version 12.00
# Visual Studio Version 16
VisualStudioVersion = 16.0.29418.71
MinimumVisualStudioVersion = 10.0.40219.1
Project("{FAE04EC0-301F-11D3-BF4B-00C04F79EFBC}") = "PracticeCommand", "PracticeCommand.csproj", "{C7474908-CBC9-4BA4-AE31-0A2DF717A388}"
EndProject
Global
	GlobalSection(SolutionConfigurationPlatforms) = preSolution
		Debug|Any CPU = Debug|Any CPU
		Release|Any CPU = Release|Any CPU
	EndGlobalSection
	GlobalSection(ProjectConfigurationPlatforms) = postSolution
		{C7474908-CBC9-4BA4-AE31-0A2DF717A388}.Debug|Any CPU.ActiveCfg = Debug|Any CPU
		{C7474908-CBC9-4BA4-AE31-0A2DF717A388}.Debug|Any CPU.Build.0 = Debug|Any CPU
		{C7474908-CBC9-4BA4-AE31-0A2DF717A388}.Release|Any CPU.ActiveCfg = Release|Any CPU
		{C7474908-CBC9-4BA4-AE31-0A2DF717A388}.Release|Any CPU.Build.0 = Release|Any CPU
	EndGlobalSection
	GlobalSection(SolutionProperties) = preSolution
		HideSolutionNode = FALSE
	EndGlobalSection
	GlobalSection(ExtensibilityGlobals) = postSolution
		SolutionGuid = {B53C4C82-FAE3-4F98-8FA1-C6B84B7E6462}
	EndGlobalSection
EndGlobal
